
Microsoft Visual Studio Solution File, Format Version 12.00
# Visual Studio 15
VisualStudioVersion = 15.0.28010.2050
MinimumVisualStudioVersion = 10.0.40219.1
Project("{FAE04EC0-301F-11D3-BF4B-00C04F79EFBC}") = "Xitaso.CSharp", "Xitaso.CSharp\Xitaso.CSharp.csproj", "{31CA1F86-B9CB-4565-B2B2-28997504EA8B}"
EndProject
Project("{FAE04EC0-301F-11D3-BF4B-00C04F79EFBC}") = "Xitaso.CSharp.Tests", "..\Xitaso.CSharp.Tests\Xitaso.CSharp.Tests.csproj", "{B634BA75-8AC4-46FE-A8FE-569BFB23437F}"
EndProject
Global
	GlobalSection(SolutionConfigurationPlatforms) = preSolution
		Debug|Any CPU = Debug|Any CPU
		Release|Any CPU = Release|Any CPU
	EndGlobalSection
	GlobalSection(ProjectConfigurationPlatforms) = postSolution
		{31CA1F86-B9CB-4565-B2B2-28997504EA8B}.Debug|Any CPU.ActiveCfg = Debug|Any CPU
		{31CA1F86-B9CB-4565-B2B2-28997504EA8B}.Debug|Any CPU.Build.0 = Debug|Any CPU
		{31CA1F86-B9CB-4565-B2B2-28997504EA8B}.Release|Any CPU.ActiveCfg = Release|Any CPU
		{31CA1F86-B9CB-4565-B2B2-28997504EA8B}.Release|Any CPU.Build.0 = Release|Any CPU
		{B634BA75-8AC4-46FE-A8FE-569BFB23437F}.Debug|Any CPU.ActiveCfg = Debug|Any CPU
		{B634BA75-8AC4-46FE-A8FE-569BFB23437F}.Debug|Any CPU.Build.0 = Debug|Any CPU
		{B634BA75-8AC4-46FE-A8FE-569BFB23437F}.Release|Any CPU.ActiveCfg = Release|Any CPU
		{B634BA75-8AC4-46FE-A8FE-569BFB23437F}.Release|Any CPU.Build.0 = Release|Any CPU
	EndGlobalSection
	GlobalSection(SolutionProperties) = preSolution
		HideSolutionNode = FALSE
	EndGlobalSection
	GlobalSection(ExtensibilityGlobals) = postSolution
		SolutionGuid = {C6601CBB-4EBD-413A-9200-AB278BD130DC}
	EndGlobalSection
EndGlobal
